
Microsoft Visual Studio Solution File, Format Version 12.00
# Visual Studio Version 16
VisualStudioVersion = 16.0.30611.23
MinimumVisualStudioVersion = 10.0.40219.1
Project("{9A19103F-16F7-4668-BE54-9A1E7A4F7556}") = "RESTAPI_201123_2", "RESTAPI_201123_2\RESTAPI_201123_2.csproj", "{3FE08F06-E769-4FAF-A355-256ADEBF1BF6}"
EndProject
Project("{00D1A9C2-B5F0-4AF3-8072-F6C62B433612}") = "DotNetNote.Database", "..\RESTAPI_201123\DotNetNote.Database\DotNetNote.Database.sqlproj", "{1747DD7C-03AF-4739-A9F3-43D9DDCC1B5E}"
EndProject
Global
	GlobalSection(SolutionConfigurationPlatforms) = preSolution
		Debug|Any CPU = Debug|Any CPU
		Release|Any CPU = Release|Any CPU
	EndGlobalSection
	GlobalSection(ProjectConfigurationPlatforms) = postSolution
		{3FE08F06-E769-4FAF-A355-256ADEBF1BF6}.Debug|Any CPU.ActiveCfg = Debug|Any CPU
		{3FE08F06-E769-4FAF-A355-256ADEBF1BF6}.Debug|Any CPU.Build.0 = Debug|Any CPU
		{3FE08F06-E769-4FAF-A355-256ADEBF1BF6}.Release|Any CPU.ActiveCfg = Release|Any CPU
		{3FE08F06-E769-4FAF-A355-256ADEBF1BF6}.Release|Any CPU.Build.0 = Release|Any CPU
		{1747DD7C-03AF-4739-A9F3-43D9DDCC1B5E}.Debug|Any CPU.ActiveCfg = Debug|Any CPU
		{1747DD7C-03AF-4739-A9F3-43D9DDCC1B5E}.Debug|Any CPU.Build.0 = Debug|Any CPU
		{1747DD7C-03AF-4739-A9F3-43D9DDCC1B5E}.Debug|Any CPU.Deploy.0 = Debug|Any CPU
		{1747DD7C-03AF-4739-A9F3-43D9DDCC1B5E}.Release|Any CPU.ActiveCfg = Release|Any CPU
		{1747DD7C-03AF-4739-A9F3-43D9DDCC1B5E}.Release|Any CPU.Build.0 = Release|Any CPU
		{1747DD7C-03AF-4739-A9F3-43D9DDCC1B5E}.Release|Any CPU.Deploy.0 = Release|Any CPU
	EndGlobalSection
	GlobalSection(SolutionProperties) = preSolution
		HideSolutionNode = FALSE
	EndGlobalSection
	GlobalSection(ExtensibilityGlobals) = postSolution
		SolutionGuid = {0FFD334E-0FAA-4029-9D3D-64765B3B0FCD}
	EndGlobalSection
EndGlobal
