
Microsoft Visual Studio Solution File, Format Version 12.00
# Visual Studio Version 16
VisualStudioVersion = 16.0.30611.23
MinimumVisualStudioVersion = 10.0.40219.1
Project("{FAE04EC0-301F-11D3-BF4B-00C04F79EFBC}") = "RESTAPI_201123", "RESTAPI_201123\RESTAPI_201123.csproj", "{FF23C90E-429E-45A3-968C-CB14AC0E977E}"
EndProject
Project("{00D1A9C2-B5F0-4AF3-8072-F6C62B433612}") = "DotNetNote.Database", "DotNetNote.Database\DotNetNote.Database.sqlproj", "{1747DD7C-03AF-4739-A9F3-43D9DDCC1B5E}"
EndProject
Global
	GlobalSection(SolutionConfigurationPlatforms) = preSolution
		Debug|Any CPU = Debug|Any CPU
		Release|Any CPU = Release|Any CPU
	EndGlobalSection
	GlobalSection(ProjectConfigurationPlatforms) = postSolution
		{FF23C90E-429E-45A3-968C-CB14AC0E977E}.Debug|Any CPU.ActiveCfg = Debug|Any CPU
		{FF23C90E-429E-45A3-968C-CB14AC0E977E}.Debug|Any CPU.Build.0 = Debug|Any CPU
		{FF23C90E-429E-45A3-968C-CB14AC0E977E}.Release|Any CPU.ActiveCfg = Release|Any CPU
		{FF23C90E-429E-45A3-968C-CB14AC0E977E}.Release|Any CPU.Build.0 = Release|Any CPU
		{1747DD7C-03AF-4739-A9F3-43D9DDCC1B5E}.Debug|Any CPU.ActiveCfg = Debug|Any CPU
		{1747DD7C-03AF-4739-A9F3-43D9DDCC1B5E}.Debug|Any CPU.Build.0 = Debug|Any CPU
		{1747DD7C-03AF-4739-A9F3-43D9DDCC1B5E}.Debug|Any CPU.Deploy.0 = Debug|Any CPU
		{1747DD7C-03AF-4739-A9F3-43D9DDCC1B5E}.Release|Any CPU.ActiveCfg = Release|Any CPU
		{1747DD7C-03AF-4739-A9F3-43D9DDCC1B5E}.Release|Any CPU.Build.0 = Release|Any CPU
		{1747DD7C-03AF-4739-A9F3-43D9DDCC1B5E}.Release|Any CPU.Deploy.0 = Release|Any CPU
	EndGlobalSection
	GlobalSection(SolutionProperties) = preSolution
		HideSolutionNode = FALSE
	EndGlobalSection
	GlobalSection(ExtensibilityGlobals) = postSolution
		SolutionGuid = {43724051-1B0F-445E-91A8-CA5838EE68F4}
	EndGlobalSection
EndGlobal
